
Microsoft Visual Studio Solution File, Format Version 12.00
# Visual Studio Version 16
VisualStudioVersion = 16.0.28729.10
MinimumVisualStudioVersion = 10.0.40219.1
Project("{2150E333-8FDC-42A3-9474-1A3956D46DE8}") = "Services", "Services", "{D663076F-F363-4639-93C3-950527214BB7}"
EndProject
Project("{2150E333-8FDC-42A3-9474-1A3956D46DE8}") = "Catalog", "Catalog", "{541AA800-D766-4B84-BCB8-17F08027B49A}"
EndProject
Project("{9A19103F-16F7-4668-BE54-9A1E7A4F7556}") = "Catalog.API", "Services\Catalog\Catalog.API\Catalog.API.csproj", "{88F15364-90F1-4C36-9FB0-967149248BD1}"
EndProject
Project("{9A19103F-16F7-4668-BE54-9A1E7A4F7556}") = "Entities", "Services\Catalog\Entities\Entities.csproj", "{BD3438FD-4525-4CC3-8BEB-AC468403BC2E}"
EndProject
Project("{9A19103F-16F7-4668-BE54-9A1E7A4F7556}") = "Repositories", "Services\Catalog\Repositories\Repositories.csproj", "{168187E9-A58D-4F72-AF21-9E4EB0B60583}"
EndProject
Project("{9A19103F-16F7-4668-BE54-9A1E7A4F7556}") = "Contracts", "Services\Catalog\Contracts\Contracts.csproj", "{F05F6BF7-650F-4FAD-95F5-557A343D01E1}"
EndProject
Project("{E53339B2-1760-4266-BCC7-CA923CBCF16C}") = "docker-compose", "docker-compose.dcproj", "{393F531E-81AE-4FC1-9C87-F8B9BCA061FE}"
EndProject
Project("{2150E333-8FDC-42A3-9474-1A3956D46DE8}") = "Basket", "Basket", "{CF0E940A-F578-4093-90EA-A54EBCA7721D}"
EndProject
Project("{9A19103F-16F7-4668-BE54-9A1E7A4F7556}") = "Basket.API", "Services\Basket\Basket.API\Basket.API.csproj", "{990C2127-168B-4001-AC68-8C3FFB8164A1}"
EndProject
Project("{2150E333-8FDC-42A3-9474-1A3956D46DE8}") = "Discount", "Discount", "{05B317B9-ECCF-422D-BB97-FEA3730F04BD}"
EndProject
Project("{9A19103F-16F7-4668-BE54-9A1E7A4F7556}") = "Discount.API", "Services\Discount\Discount.API\Discount.API.csproj", "{31491783-8788-41B7-A77C-4CB6C9565640}"
EndProject
Project("{9A19103F-16F7-4668-BE54-9A1E7A4F7556}") = "Discount.gRPC", "Services\Discount\Discount.gRPC\Discount.gRPC.csproj", "{C5CB6834-AE87-442B-BE1F-E47C19EE353D}"
EndProject
Project("{2150E333-8FDC-42A3-9474-1A3956D46DE8}") = "Order", "Order", "{5AF0D41E-4928-4515-B0A2-7A115A0ACCF8}"
EndProject
Project("{2150E333-8FDC-42A3-9474-1A3956D46DE8}") = "Auth", "Auth", "{65AFD6D3-51E6-44BE-8E78-3E61047D4F17}"
EndProject
Project("{9A19103F-16F7-4668-BE54-9A1E7A4F7556}") = "Ordering.API", "Services\Order\Ordering.API\Ordering.API.csproj", "{FFC115D2-0242-44D8-93B2-9EF4428127F4}"
EndProject
Project("{9A19103F-16F7-4668-BE54-9A1E7A4F7556}") = "Ordering.Application", "Services\Order\Ordering.Application\Ordering.Application.csproj", "{64D1EF2F-7EE1-4F76-A52E-A34DA0BDF093}"
EndProject
Project("{9A19103F-16F7-4668-BE54-9A1E7A4F7556}") = "Ordering.Domain", "Services\Order\Ordering.Domain\Ordering.Domain.csproj", "{54FF291A-3DC0-47DB-B4A2-DEA5996E0E5C}"
EndProject
Project("{9A19103F-16F7-4668-BE54-9A1E7A4F7556}") = "Ordering.Infrastructure", "Services\Order\Ordering.Infrastructure\Ordering.Infrastructure.csproj", "{72F505D0-79F8-4F01-A84D-7E4EEE017516}"
EndProject
Project("{2150E333-8FDC-42A3-9474-1A3956D46DE8}") = "SharedLibs", "SharedLibs", "{28F86A4D-79EC-496B-9D5E-D429758F9C6E}"
EndProject
Project("{9A19103F-16F7-4668-BE54-9A1E7A4F7556}") = "EventBus.Messages", "SharedLibs\EventBus.Messages\EventBus.Messages.csproj", "{85E21A48-0776-42FF-9A63-31ED53027AC2}"
EndProject
Project("{2150E333-8FDC-42A3-9474-1A3956D46DE8}") = "ApiGateways", "ApiGateways", "{C03433EE-718D-4591-82CB-F2F95B8A88A4}"
EndProject
Project("{9A19103F-16F7-4668-BE54-9A1E7A4F7556}") = "OcelotApiGateway", "ApiGateways\OcelotApiGateway\OcelotApiGateway.csproj", "{656D533B-6BA0-4950-89F0-35253D4B0A55}"
EndProject
Project("{9A19103F-16F7-4668-BE54-9A1E7A4F7556}") = "Shopping.Aggregator", "ApiGateways\Shopping.Aggregator\Shopping.Aggregator.csproj", "{9A2B3377-F87E-456C-AC2F-29E1F544B516}"
EndProject
Project("{9A19103F-16F7-4668-BE54-9A1E7A4F7556}") = "Common.Logging", "SharedLibs\Common.Logging\Common.Logging.csproj", "{54E3B1B2-D526-4A26-B40E-1BD63456E6F0}"
EndProject
Project("{2150E333-8FDC-42A3-9474-1A3956D46DE8}") = "Clients", "Clients", "{093FC433-5DA2-4518-9FBE-48ACB4904A7F}"
EndProject
Global
	GlobalSection(SolutionConfigurationPlatforms) = preSolution
		Debug|Any CPU = Debug|Any CPU
		Release|Any CPU = Release|Any CPU
	EndGlobalSection
	GlobalSection(ProjectConfigurationPlatforms) = postSolution
		{88F15364-90F1-4C36-9FB0-967149248BD1}.Debug|Any CPU.ActiveCfg = Debug|Any CPU
		{88F15364-90F1-4C36-9FB0-967149248BD1}.Debug|Any CPU.Build.0 = Debug|Any CPU
		{88F15364-90F1-4C36-9FB0-967149248BD1}.Release|Any CPU.ActiveCfg = Release|Any CPU
		{88F15364-90F1-4C36-9FB0-967149248BD1}.Release|Any CPU.Build.0 = Release|Any CPU
		{BD3438FD-4525-4CC3-8BEB-AC468403BC2E}.Debug|Any CPU.ActiveCfg = Debug|Any CPU
		{BD3438FD-4525-4CC3-8BEB-AC468403BC2E}.Debug|Any CPU.Build.0 = Debug|Any CPU
		{BD3438FD-4525-4CC3-8BEB-AC468403BC2E}.Release|Any CPU.ActiveCfg = Release|Any CPU
		{BD3438FD-4525-4CC3-8BEB-AC468403BC2E}.Release|Any CPU.Build.0 = Release|Any CPU
		{168187E9-A58D-4F72-AF21-9E4EB0B60583}.Debug|Any CPU.ActiveCfg = Debug|Any CPU
		{168187E9-A58D-4F72-AF21-9E4EB0B60583}.Debug|Any CPU.Build.0 = Debug|Any CPU
		{168187E9-A58D-4F72-AF21-9E4EB0B60583}.Release|Any CPU.ActiveCfg = Release|Any CPU
		{168187E9-A58D-4F72-AF21-9E4EB0B60583}.Release|Any CPU.Build.0 = Release|Any CPU
		{F05F6BF7-650F-4FAD-95F5-557A343D01E1}.Debug|Any CPU.ActiveCfg = Debug|Any CPU
		{F05F6BF7-650F-4FAD-95F5-557A343D01E1}.Debug|Any CPU.Build.0 = Debug|Any CPU
		{F05F6BF7-650F-4FAD-95F5-557A343D01E1}.Release|Any CPU.ActiveCfg = Release|Any CPU
		{F05F6BF7-650F-4FAD-95F5-557A343D01E1}.Release|Any CPU.Build.0 = Release|Any CPU
		{393F531E-81AE-4FC1-9C87-F8B9BCA061FE}.Debug|Any CPU.ActiveCfg = Debug|Any CPU
		{393F531E-81AE-4FC1-9C87-F8B9BCA061FE}.Debug|Any CPU.Build.0 = Debug|Any CPU
		{393F531E-81AE-4FC1-9C87-F8B9BCA061FE}.Release|Any CPU.ActiveCfg = Release|Any CPU
		{393F531E-81AE-4FC1-9C87-F8B9BCA061FE}.Release|Any CPU.Build.0 = Release|Any CPU
		{990C2127-168B-4001-AC68-8C3FFB8164A1}.Debug|Any CPU.ActiveCfg = Debug|Any CPU
		{990C2127-168B-4001-AC68-8C3FFB8164A1}.Debug|Any CPU.Build.0 = Debug|Any CPU
		{990C2127-168B-4001-AC68-8C3FFB8164A1}.Release|Any CPU.ActiveCfg = Release|Any CPU
		{990C2127-168B-4001-AC68-8C3FFB8164A1}.Release|Any CPU.Build.0 = Release|Any CPU
		{31491783-8788-41B7-A77C-4CB6C9565640}.Debug|Any CPU.ActiveCfg = Debug|Any CPU
		{31491783-8788-41B7-A77C-4CB6C9565640}.Debug|Any CPU.Build.0 = Debug|Any CPU
		{31491783-8788-41B7-A77C-4CB6C9565640}.Release|Any CPU.ActiveCfg = Release|Any CPU
		{31491783-8788-41B7-A77C-4CB6C9565640}.Release|Any CPU.Build.0 = Release|Any CPU
		{C5CB6834-AE87-442B-BE1F-E47C19EE353D}.Debug|Any CPU.ActiveCfg = Debug|Any CPU
		{C5CB6834-AE87-442B-BE1F-E47C19EE353D}.Debug|Any CPU.Build.0 = Debug|Any CPU
		{C5CB6834-AE87-442B-BE1F-E47C19EE353D}.Release|Any CPU.ActiveCfg = Release|Any CPU
		{C5CB6834-AE87-442B-BE1F-E47C19EE353D}.Release|Any CPU.Build.0 = Release|Any CPU
		{FFC115D2-0242-44D8-93B2-9EF4428127F4}.Debug|Any CPU.ActiveCfg = Debug|Any CPU
		{FFC115D2-0242-44D8-93B2-9EF4428127F4}.Debug|Any CPU.Build.0 = Debug|Any CPU
		{FFC115D2-0242-44D8-93B2-9EF4428127F4}.Release|Any CPU.ActiveCfg = Release|Any CPU
		{FFC115D2-0242-44D8-93B2-9EF4428127F4}.Release|Any CPU.Build.0 = Release|Any CPU
		{64D1EF2F-7EE1-4F76-A52E-A34DA0BDF093}.Debug|Any CPU.ActiveCfg = Debug|Any CPU
		{64D1EF2F-7EE1-4F76-A52E-A34DA0BDF093}.Debug|Any CPU.Build.0 = Debug|Any CPU
		{64D1EF2F-7EE1-4F76-A52E-A34DA0BDF093}.Release|Any CPU.ActiveCfg = Release|Any CPU
		{64D1EF2F-7EE1-4F76-A52E-A34DA0BDF093}.Release|Any CPU.Build.0 = Release|Any CPU
		{54FF291A-3DC0-47DB-B4A2-DEA5996E0E5C}.Debug|Any CPU.ActiveCfg = Debug|Any CPU
		{54FF291A-3DC0-47DB-B4A2-DEA5996E0E5C}.Debug|Any CPU.Build.0 = Debug|Any CPU
		{54FF291A-3DC0-47DB-B4A2-DEA5996E0E5C}.Release|Any CPU.ActiveCfg = Release|Any CPU
		{54FF291A-3DC0-47DB-B4A2-DEA5996E0E5C}.Release|Any CPU.Build.0 = Release|Any CPU
		{72F505D0-79F8-4F01-A84D-7E4EEE017516}.Debug|Any CPU.ActiveCfg = Debug|Any CPU
		{72F505D0-79F8-4F01-A84D-7E4EEE017516}.Debug|Any CPU.Build.0 = Debug|Any CPU
		{72F505D0-79F8-4F01-A84D-7E4EEE017516}.Release|Any CPU.ActiveCfg = Release|Any CPU
		{72F505D0-79F8-4F01-A84D-7E4EEE017516}.Release|Any CPU.Build.0 = Release|Any CPU
		{85E21A48-0776-42FF-9A63-31ED53027AC2}.Debug|Any CPU.ActiveCfg = Debug|Any CPU
		{85E21A48-0776-42FF-9A63-31ED53027AC2}.Debug|Any CPU.Build.0 = Debug|Any CPU
		{85E21A48-0776-42FF-9A63-31ED53027AC2}.Release|Any CPU.ActiveCfg = Release|Any CPU
		{85E21A48-0776-42FF-9A63-31ED53027AC2}.Release|Any CPU.Build.0 = Release|Any CPU
		{656D533B-6BA0-4950-89F0-35253D4B0A55}.Debug|Any CPU.ActiveCfg = Debug|Any CPU
		{656D533B-6BA0-4950-89F0-35253D4B0A55}.Debug|Any CPU.Build.0 = Debug|Any CPU
		{656D533B-6BA0-4950-89F0-35253D4B0A55}.Release|Any CPU.ActiveCfg = Release|Any CPU
		{656D533B-6BA0-4950-89F0-35253D4B0A55}.Release|Any CPU.Build.0 = Release|Any CPU
		{9A2B3377-F87E-456C-AC2F-29E1F544B516}.Debug|Any CPU.ActiveCfg = Debug|Any CPU
		{9A2B3377-F87E-456C-AC2F-29E1F544B516}.Debug|Any CPU.Build.0 = Debug|Any CPU
		{9A2B3377-F87E-456C-AC2F-29E1F544B516}.Release|Any CPU.ActiveCfg = Release|Any CPU
		{9A2B3377-F87E-456C-AC2F-29E1F544B516}.Release|Any CPU.Build.0 = Release|Any CPU
		{54E3B1B2-D526-4A26-B40E-1BD63456E6F0}.Debug|Any CPU.ActiveCfg = Debug|Any CPU
		{54E3B1B2-D526-4A26-B40E-1BD63456E6F0}.Debug|Any CPU.Build.0 = Debug|Any CPU
		{54E3B1B2-D526-4A26-B40E-1BD63456E6F0}.Release|Any CPU.ActiveCfg = Release|Any CPU
		{54E3B1B2-D526-4A26-B40E-1BD63456E6F0}.Release|Any CPU.Build.0 = Release|Any CPU
	EndGlobalSection
	GlobalSection(SolutionProperties) = preSolution
		HideSolutionNode = FALSE
	EndGlobalSection
	GlobalSection(NestedProjects) = preSolution
		{541AA800-D766-4B84-BCB8-17F08027B49A} = {D663076F-F363-4639-93C3-950527214BB7}
		{88F15364-90F1-4C36-9FB0-967149248BD1} = {541AA800-D766-4B84-BCB8-17F08027B49A}
		{BD3438FD-4525-4CC3-8BEB-AC468403BC2E} = {541AA800-D766-4B84-BCB8-17F08027B49A}
		{168187E9-A58D-4F72-AF21-9E4EB0B60583} = {541AA800-D766-4B84-BCB8-17F08027B49A}
		{F05F6BF7-650F-4FAD-95F5-557A343D01E1} = {541AA800-D766-4B84-BCB8-17F08027B49A}
		{CF0E940A-F578-4093-90EA-A54EBCA7721D} = {D663076F-F363-4639-93C3-950527214BB7}
		{990C2127-168B-4001-AC68-8C3FFB8164A1} = {CF0E940A-F578-4093-90EA-A54EBCA7721D}
		{05B317B9-ECCF-422D-BB97-FEA3730F04BD} = {D663076F-F363-4639-93C3-950527214BB7}
		{31491783-8788-41B7-A77C-4CB6C9565640} = {05B317B9-ECCF-422D-BB97-FEA3730F04BD}
		{C5CB6834-AE87-442B-BE1F-E47C19EE353D} = {05B317B9-ECCF-422D-BB97-FEA3730F04BD}
		{5AF0D41E-4928-4515-B0A2-7A115A0ACCF8} = {D663076F-F363-4639-93C3-950527214BB7}
		{65AFD6D3-51E6-44BE-8E78-3E61047D4F17} = {D663076F-F363-4639-93C3-950527214BB7}
		{FFC115D2-0242-44D8-93B2-9EF4428127F4} = {5AF0D41E-4928-4515-B0A2-7A115A0ACCF8}
		{64D1EF2F-7EE1-4F76-A52E-A34DA0BDF093} = {5AF0D41E-4928-4515-B0A2-7A115A0ACCF8}
		{54FF291A-3DC0-47DB-B4A2-DEA5996E0E5C} = {5AF0D41E-4928-4515-B0A2-7A115A0ACCF8}
		{72F505D0-79F8-4F01-A84D-7E4EEE017516} = {5AF0D41E-4928-4515-B0A2-7A115A0ACCF8}
		{85E21A48-0776-42FF-9A63-31ED53027AC2} = {28F86A4D-79EC-496B-9D5E-D429758F9C6E}
		{656D533B-6BA0-4950-89F0-35253D4B0A55} = {C03433EE-718D-4591-82CB-F2F95B8A88A4}
		{9A2B3377-F87E-456C-AC2F-29E1F544B516} = {C03433EE-718D-4591-82CB-F2F95B8A88A4}
		{54E3B1B2-D526-4A26-B40E-1BD63456E6F0} = {28F86A4D-79EC-496B-9D5E-D429758F9C6E}
	EndGlobalSection
	GlobalSection(ExtensibilityGlobals) = postSolution
		SolutionGuid = {DAEFFED7-06D7-418D-B973-DFFD311DCBB9}
	EndGlobalSection
EndGlobal
